// !$*UTF8*$!
{
	archiveVersion = 1;
	classes = {
	};
	objectVersion = 56;
	objects = {

/* Begin PBXBuildFile section */
		B51C2B162D6CC47D006FDC21 /* RangedSliderViewBuilder.swift in Sources */ = {isa = PBXBuildFile; fileRef = B51C2B152D6CC47D006FDC21 /* RangedSliderViewBuilder.swift */; };
		B53B9F202CEA066400EC162C /* ChartMarkGradientViewModel.swift in Sources */ = {isa = PBXBuildFile; fileRef = B53B9F1F2CEA066400EC162C /* ChartMarkGradientViewModel.swift */; };
		B5447F6F2C40036C00EDD693 /* DeviceControllerView.swift in Sources */ = {isa = PBXBuildFile; fileRef = B5447F6E2C40036C00EDD693 /* DeviceControllerView.swift */; };
		B55B8A432C639E0B00F9E916 /* SettingDeviceView.swift in Sources */ = {isa = PBXBuildFile; fileRef = B55B8A422C639E0B00F9E916 /* SettingDeviceView.swift */; };
		B55B8A452C64DF5E00F9E916 /* BlurBehindWindow.swift in Sources */ = {isa = PBXBuildFile; fileRef = B55B8A442C64DF5E00F9E916 /* BlurBehindWindow.swift */; };
		B55B8A482C64EE8000F9E916 /* DeviceStruct.swift in Sources */ = {isa = PBXBuildFile; fileRef = B55B8A472C64EE8000F9E916 /* DeviceStruct.swift */; };
		B55B8A4B2C66803700F9E916 /* RowDeviceInfoViewModel.swift in Sources */ = {isa = PBXBuildFile; fileRef = B55B8A4A2C66803700F9E916 /* RowDeviceInfoViewModel.swift */; };
		B55B8A4D2C6688B400F9E916 /* iFlowerStruct.swift in Sources */ = {isa = PBXBuildFile; fileRef = B55B8A4C2C6688B400F9E916 /* iFlowerStruct.swift */; };
		B56E6E482C95DAA800AABEFD /* iFlowerTests.swift in Sources */ = {isa = PBXBuildFile; fileRef = B56E6E472C95DAA800AABEFD /* iFlowerTests.swift */; };
		B56E6E4F2C95DAEC00AABEFD /* BluetoothManagerTests.swift in Sources */ = {isa = PBXBuildFile; fileRef = B56E6E4E2C95DAEC00AABEFD /* BluetoothManagerTests.swift */; };
		B57882362C3AE34400F00AC5 /* StartView.swift in Sources */ = {isa = PBXBuildFile; fileRef = B57882352C3AE34400F00AC5 /* StartView.swift */; };
		B57882382C3AEA1600F00AC5 /* RowStartInfoViewModel.swift in Sources */ = {isa = PBXBuildFile; fileRef = B57882372C3AEA1600F00AC5 /* RowStartInfoViewModel.swift */; };
		B5F653992C2B075F0097EFBA /* iFlowerApp.swift in Sources */ = {isa = PBXBuildFile; fileRef = B5F653982C2B075F0097EFBA /* iFlowerApp.swift */; };
		B5F6539B2C2B075F0097EFBA /* ContentView.swift in Sources */ = {isa = PBXBuildFile; fileRef = B5F6539A2C2B075F0097EFBA /* ContentView.swift */; };
		B5F6539D2C2B07600097EFBA /* Assets.xcassets in Resources */ = {isa = PBXBuildFile; fileRef = B5F6539C2C2B07600097EFBA /* Assets.xcassets */; };
		B5F653A02C2B07600097EFBA /* Preview Assets.xcassets in Resources */ = {isa = PBXBuildFile; fileRef = B5F6539F2C2B07600097EFBA /* Preview Assets.xcassets */; };
		B5F653AA2C2B07F70097EFBA /* BluetoothManager.swift in Sources */ = {isa = PBXBuildFile; fileRef = B5F653A92C2B07F70097EFBA /* BluetoothManager.swift */; };
		B5F653AC2C2B080E0097EFBA /* BluetoothConnectView.swift in Sources */ = {isa = PBXBuildFile; fileRef = B5F653AB2C2B080E0097EFBA /* BluetoothConnectView.swift */; };
/* End PBXBuildFile section */

/* Begin PBXContainerItemProxy section */
		B56E6E492C95DAA800AABEFD /* PBXContainerItemProxy */ = {
			isa = PBXContainerItemProxy;
			containerPortal = B5F6538D2C2B075F0097EFBA /* Project object */;
			proxyType = 1;
			remoteGlobalIDString = B5F653942C2B075F0097EFBA;
			remoteInfo = iFlower;
		};
/* End PBXContainerItemProxy section */

/* Begin PBXFileReference section */
		B51C2B152D6CC47D006FDC21 /* RangedSliderViewBuilder.swift */ = {isa = PBXFileReference; lastKnownFileType = sourcecode.swift; path = RangedSliderViewBuilder.swift; sourceTree = "<group>"; };
		B53B9F1F2CEA066400EC162C /* ChartMarkGradientViewModel.swift */ = {isa = PBXFileReference; lastKnownFileType = sourcecode.swift; path = ChartMarkGradientViewModel.swift; sourceTree = "<group>"; };
		B5447F6E2C40036C00EDD693 /* DeviceControllerView.swift */ = {isa = PBXFileReference; lastKnownFileType = sourcecode.swift; path = DeviceControllerView.swift; sourceTree = "<group>"; };
		B55B8A422C639E0B00F9E916 /* SettingDeviceView.swift */ = {isa = PBXFileReference; lastKnownFileType = sourcecode.swift; path = SettingDeviceView.swift; sourceTree = "<group>"; };
		B55B8A442C64DF5E00F9E916 /* BlurBehindWindow.swift */ = {isa = PBXFileReference; lastKnownFileType = sourcecode.swift; path = BlurBehindWindow.swift; sourceTree = "<group>"; };
		B55B8A472C64EE8000F9E916 /* DeviceStruct.swift */ = {isa = PBXFileReference; lastKnownFileType = sourcecode.swift; path = DeviceStruct.swift; sourceTree = "<group>"; };
		B55B8A4A2C66803700F9E916 /* RowDeviceInfoViewModel.swift */ = {isa = PBXFileReference; lastKnownFileType = sourcecode.swift; path = RowDeviceInfoViewModel.swift; sourceTree = "<group>"; };
		B55B8A4C2C6688B400F9E916 /* iFlowerStruct.swift */ = {isa = PBXFileReference; lastKnownFileType = sourcecode.swift; path = iFlowerStruct.swift; sourceTree = "<group>"; };
		B56E6E452C95DAA800AABEFD /* iFlowerTests.xctest */ = {isa = PBXFileReference; explicitFileType = wrapper.cfbundle; includeInIndex = 0; path = iFlowerTests.xctest; sourceTree = BUILT_PRODUCTS_DIR; };
		B56E6E472C95DAA800AABEFD /* iFlowerTests.swift */ = {isa = PBXFileReference; lastKnownFileType = sourcecode.swift; path = iFlowerTests.swift; sourceTree = "<group>"; };
		B56E6E4E2C95DAEC00AABEFD /* BluetoothManagerTests.swift */ = {isa = PBXFileReference; lastKnownFileType = sourcecode.swift; name = BluetoothManagerTests.swift; path = UnitTest/BluetoothManagerTests.swift; sourceTree = "<group>"; };
		B57882352C3AE34400F00AC5 /* StartView.swift */ = {isa = PBXFileReference; lastKnownFileType = sourcecode.swift; name = StartView.swift; path = iFlower/View/StartView.swift; sourceTree = SOURCE_ROOT; };
		B57882372C3AEA1600F00AC5 /* RowStartInfoViewModel.swift */ = {isa = PBXFileReference; lastKnownFileType = sourcecode.swift; path = RowStartInfoViewModel.swift; sourceTree = "<group>"; };
		B5F653952C2B075F0097EFBA /* iFlower.app */ = {isa = PBXFileReference; explicitFileType = wrapper.application; includeInIndex = 0; path = iFlower.app; sourceTree = BUILT_PRODUCTS_DIR; };
		B5F653982C2B075F0097EFBA /* iFlowerApp.swift */ = {isa = PBXFileReference; lastKnownFileType = sourcecode.swift; path = iFlowerApp.swift; sourceTree = "<group>"; };
		B5F6539A2C2B075F0097EFBA /* ContentView.swift */ = {isa = PBXFileReference; lastKnownFileType = sourcecode.swift; path = ContentView.swift; sourceTree = "<group>"; };
		B5F6539C2C2B07600097EFBA /* Assets.xcassets */ = {isa = PBXFileReference; lastKnownFileType = folder.assetcatalog; path = Assets.xcassets; sourceTree = "<group>"; };
		B5F6539F2C2B07600097EFBA /* Preview Assets.xcassets */ = {isa = PBXFileReference; lastKnownFileType = folder.assetcatalog; path = "Preview Assets.xcassets"; sourceTree = "<group>"; };
		B5F653A12C2B07600097EFBA /* iFlower.entitlements */ = {isa = PBXFileReference; lastKnownFileType = text.plist.entitlements; path = iFlower.entitlements; sourceTree = "<group>"; };
		B5F653A92C2B07F70097EFBA /* BluetoothManager.swift */ = {isa = PBXFileReference; lastKnownFileType = sourcecode.swift; path = BluetoothManager.swift; sourceTree = "<group>"; };
		B5F653AB2C2B080E0097EFBA /* BluetoothConnectView.swift */ = {isa = PBXFileReference; lastKnownFileType = sourcecode.swift; path = BluetoothConnectView.swift; sourceTree = "<group>"; };
/* End PBXFileReference section */

/* Begin PBXFrameworksBuildPhase section */
		B56E6E422C95DAA800AABEFD /* Frameworks */ = {
			isa = PBXFrameworksBuildPhase;
			buildActionMask = 2147483647;
			files = (
			);
			runOnlyForDeploymentPostprocessing = 0;
		};
		B5F653922C2B075F0097EFBA /* Frameworks */ = {
			isa = PBXFrameworksBuildPhase;
			buildActionMask = 2147483647;
			files = (
			);
			runOnlyForDeploymentPostprocessing = 0;
		};
/* End PBXFrameworksBuildPhase section */

/* Begin PBXGroup section */
		B51C2B172D6CC482006FDC21 /* ViewBuilder */ = {
			isa = PBXGroup;
			children = (
				B51C2B152D6CC47D006FDC21 /* RangedSliderViewBuilder.swift */,
			);
			path = ViewBuilder;
			sourceTree = "<group>";
		};
		B55B8A462C64DF6800F9E916 /* VisualEffects */ = {
			isa = PBXGroup;
			children = (
				B55B8A442C64DF5E00F9E916 /* BlurBehindWindow.swift */,
			);
			path = VisualEffects;
			sourceTree = "<group>";
		};
		B55B8A492C64EEFB00F9E916 /* ObjectStruct */ = {
			isa = PBXGroup;
			children = (
				B55B8A472C64EE8000F9E916 /* DeviceStruct.swift */,
				B55B8A4C2C6688B400F9E916 /* iFlowerStruct.swift */,
			);
			path = ObjectStruct;
			sourceTree = "<group>";
		};
		B56E6E392C95D7F700AABEFD /* UnitTest */ = {
			isa = PBXGroup;
			children = (
			);
			path = UnitTest;
			sourceTree = "<group>";
		};
		B56E6E462C95DAA800AABEFD /* iFlowerTests */ = {
			isa = PBXGroup;
			children = (
				B56E6E392C95D7F700AABEFD /* UnitTest */,
				B56E6E472C95DAA800AABEFD /* iFlowerTests.swift */,
				B56E6E4E2C95DAEC00AABEFD /* BluetoothManagerTests.swift */,
			);
			path = iFlowerTests;
			sourceTree = "<group>";
		};
		B57882392C3AEA1A00F00AC5 /* ViewModel */ = {
			isa = PBXGroup;
			children = (
				B57882372C3AEA1600F00AC5 /* RowStartInfoViewModel.swift */,
				B55B8A4A2C66803700F9E916 /* RowDeviceInfoViewModel.swift */,
				B53B9F1F2CEA066400EC162C /* ChartMarkGradientViewModel.swift */,
			);
			path = ViewModel;
			sourceTree = "<group>";
		};
		B5F6538C2C2B075F0097EFBA = {
			isa = PBXGroup;
			children = (
				B5F653972C2B075F0097EFBA /* iFlower */,
				B56E6E462C95DAA800AABEFD /* iFlowerTests */,
				B5F653962C2B075F0097EFBA /* Products */,
			);
			sourceTree = "<group>";
		};
		B5F653962C2B075F0097EFBA /* Products */ = {
			isa = PBXGroup;
			children = (
				B5F653952C2B075F0097EFBA /* iFlower.app */,
				B56E6E452C95DAA800AABEFD /* iFlowerTests.xctest */,
			);
			name = Products;
			sourceTree = "<group>";
		};
		B5F653972C2B075F0097EFBA /* iFlower */ = {
			isa = PBXGroup;
			children = (
				B5F653982C2B075F0097EFBA /* iFlowerApp.swift */,
				B5F653AD2C2B08150097EFBA /* Manager */,
				B57882392C3AEA1A00F00AC5 /* ViewModel */,
				B5F653A82C2B07850097EFBA /* View */,
				B55B8A462C64DF6800F9E916 /* VisualEffects */,
				B55B8A492C64EEFB00F9E916 /* ObjectStruct */,
				B5F6539C2C2B07600097EFBA /* Assets.xcassets */,
				B5F653A12C2B07600097EFBA /* iFlower.entitlements */,
				B5F6539E2C2B07600097EFBA /* Preview Content */,
			);
			path = iFlower;
			sourceTree = "<group>";
		};
		B5F6539E2C2B07600097EFBA /* Preview Content */ = {
			isa = PBXGroup;
			children = (
				B5F6539F2C2B07600097EFBA /* Preview Assets.xcassets */,
			);
			path = "Preview Content";
			sourceTree = "<group>";
		};
		B5F653A82C2B07850097EFBA /* View */ = {
			isa = PBXGroup;
			children = (
				B51C2B172D6CC482006FDC21 /* ViewBuilder */,
				B5F6539A2C2B075F0097EFBA /* ContentView.swift */,
				B5447F6E2C40036C00EDD693 /* DeviceControllerView.swift */,
				B55B8A422C639E0B00F9E916 /* SettingDeviceView.swift */,
				B5F653AB2C2B080E0097EFBA /* BluetoothConnectView.swift */,
				B57882352C3AE34400F00AC5 /* StartView.swift */,
			);
			path = View;
			sourceTree = "<group>";
		};
		B5F653AD2C2B08150097EFBA /* Manager */ = {
			isa = PBXGroup;
			children = (
				B5F653A92C2B07F70097EFBA /* BluetoothManager.swift */,
			);
			path = Manager;
			sourceTree = "<group>";
		};
/* End PBXGroup section */

/* Begin PBXNativeTarget section */
		B56E6E442C95DAA800AABEFD /* iFlowerTests */ = {
			isa = PBXNativeTarget;
			buildConfigurationList = B56E6E4B2C95DAA800AABEFD /* Build configuration list for PBXNativeTarget "iFlowerTests" */;
			buildPhases = (
				B56E6E412C95DAA800AABEFD /* Sources */,
				B56E6E422C95DAA800AABEFD /* Frameworks */,
				B56E6E432C95DAA800AABEFD /* Resources */,
			);
			buildRules = (
			);
			dependencies = (
				B56E6E4A2C95DAA800AABEFD /* PBXTargetDependency */,
			);
			name = iFlowerTests;
			productName = iFlowerTests;
			productReference = B56E6E452C95DAA800AABEFD /* iFlowerTests.xctest */;
			productType = "com.apple.product-type.bundle.unit-test";
		};
		B5F653942C2B075F0097EFBA /* iFlower */ = {
			isa = PBXNativeTarget;
			buildConfigurationList = B5F653A42C2B07600097EFBA /* Build configuration list for PBXNativeTarget "iFlower" */;
			buildPhases = (
				B5F653912C2B075F0097EFBA /* Sources */,
				B5F653922C2B075F0097EFBA /* Frameworks */,
				B5F653932C2B075F0097EFBA /* Resources */,
			);
			buildRules = (
			);
			dependencies = (
			);
			name = iFlower;
			productName = iFlower;
			productReference = B5F653952C2B075F0097EFBA /* iFlower.app */;
			productType = "com.apple.product-type.application";
		};
/* End PBXNativeTarget section */

/* Begin PBXProject section */
		B5F6538D2C2B075F0097EFBA /* Project object */ = {
			isa = PBXProject;
			attributes = {
				BuildIndependentTargetsInParallel = 1;
				LastSwiftUpdateCheck = 1540;
				LastUpgradeCheck = 1540;
				TargetAttributes = {
					B56E6E442C95DAA800AABEFD = {
						CreatedOnToolsVersion = 15.4;
						TestTargetID = B5F653942C2B075F0097EFBA;
					};
					B5F653942C2B075F0097EFBA = {
						CreatedOnToolsVersion = 15.4;
					};
				};
			};
			buildConfigurationList = B5F653902C2B075F0097EFBA /* Build configuration list for PBXProject "iFlower" */;
			compatibilityVersion = "Xcode 14.0";
			developmentRegion = uk;
			hasScannedForEncodings = 0;
			knownRegions = (
				en,
				Base,
				uk,
			);
			mainGroup = B5F6538C2C2B075F0097EFBA;
			productRefGroup = B5F653962C2B075F0097EFBA /* Products */;
			projectDirPath = "";
			projectRoot = "";
			targets = (
				B5F653942C2B075F0097EFBA /* iFlower */,
				B56E6E442C95DAA800AABEFD /* iFlowerTests */,
			);
		};
/* End PBXProject section */

/* Begin PBXResourcesBuildPhase section */
		B56E6E432C95DAA800AABEFD /* Resources */ = {
			isa = PBXResourcesBuildPhase;
			buildActionMask = 2147483647;
			files = (
			);
			runOnlyForDeploymentPostprocessing = 0;
		};
		B5F653932C2B075F0097EFBA /* Resources */ = {
			isa = PBXResourcesBuildPhase;
			buildActionMask = 2147483647;
			files = (
				B5F653A02C2B07600097EFBA /* Preview Assets.xcassets in Resources */,
				B5F6539D2C2B07600097EFBA /* Assets.xcassets in Resources */,
			);
			runOnlyForDeploymentPostprocessing = 0;
		};
/* End PBXResourcesBuildPhase section */

/* Begin PBXSourcesBuildPhase section */
		B56E6E412C95DAA800AABEFD /* Sources */ = {
			isa = PBXSourcesBuildPhase;
			buildActionMask = 2147483647;
			files = (
				B56E6E4F2C95DAEC00AABEFD /* BluetoothManagerTests.swift in Sources */,
				B56E6E482C95DAA800AABEFD /* iFlowerTests.swift in Sources */,
			);
			runOnlyForDeploymentPostprocessing = 0;
		};
		B5F653912C2B075F0097EFBA /* Sources */ = {
			isa = PBXSourcesBuildPhase;
			buildActionMask = 2147483647;
			files = (
				B5F653AC2C2B080E0097EFBA /* BluetoothConnectView.swift in Sources */,
				B55B8A4B2C66803700F9E916 /* RowDeviceInfoViewModel.swift in Sources */,
				B57882362C3AE34400F00AC5 /* StartView.swift in Sources */,
				B55B8A452C64DF5E00F9E916 /* BlurBehindWindow.swift in Sources */,
				B51C2B162D6CC47D006FDC21 /* RangedSliderViewBuilder.swift in Sources */,
				B57882382C3AEA1600F00AC5 /* RowStartInfoViewModel.swift in Sources */,
				B55B8A482C64EE8000F9E916 /* DeviceStruct.swift in Sources */,
				B55B8A432C639E0B00F9E916 /* SettingDeviceView.swift in Sources */,
				B55B8A4D2C6688B400F9E916 /* iFlowerStruct.swift in Sources */,
				B5F6539B2C2B075F0097EFBA /* ContentView.swift in Sources */,
				B5F653AA2C2B07F70097EFBA /* BluetoothManager.swift in Sources */,
				B5F653992C2B075F0097EFBA /* iFlowerApp.swift in Sources */,
				B5447F6F2C40036C00EDD693 /* DeviceControllerView.swift in Sources */,
				B53B9F202CEA066400EC162C /* ChartMarkGradientViewModel.swift in Sources */,
			);
			runOnlyForDeploymentPostprocessing = 0;
		};
/* End PBXSourcesBuildPhase section */

/* Begin PBXTargetDependency section */
		B56E6E4A2C95DAA800AABEFD /* PBXTargetDependency */ = {
			isa = PBXTargetDependency;
			target = B5F653942C2B075F0097EFBA /* iFlower */;
			targetProxy = B56E6E492C95DAA800AABEFD /* PBXContainerItemProxy */;
		};
/* End PBXTargetDependency section */

/* Begin XCBuildConfiguration section */
		B56E6E4C2C95DAA800AABEFD /* Debug */ = {
			isa = XCBuildConfiguration;
			buildSettings = {
				BUNDLE_LOADER = "$(TEST_HOST)";
				CODE_SIGN_STYLE = Automatic;
				CURRENT_PROJECT_VERSION = 1;
				DEVELOPMENT_TEAM = L4XDJUG5Z2;
				GENERATE_INFOPLIST_FILE = YES;
				MARKETING_VERSION = 1.0;
				PRODUCT_BUNDLE_IDENTIFIER = AndriiIzbash.iFlowerTests;
				PRODUCT_NAME = "$(TARGET_NAME)";
				SWIFT_EMIT_LOC_STRINGS = NO;
				SWIFT_VERSION = 5.0;
				TEST_HOST = "$(BUILT_PRODUCTS_DIR)/iFlower.app/$(BUNDLE_EXECUTABLE_FOLDER_PATH)/iFlower";
			};
			name = Debug;
		};
		B56E6E4D2C95DAA800AABEFD /* Release */ = {
			isa = XCBuildConfiguration;
			buildSettings = {
				BUNDLE_LOADER = "$(TEST_HOST)";
				CODE_SIGN_STYLE = Automatic;
				CURRENT_PROJECT_VERSION = 1;
				DEVELOPMENT_TEAM = L4XDJUG5Z2;
				GENERATE_INFOPLIST_FILE = YES;
				MARKETING_VERSION = 1.0;
				PRODUCT_BUNDLE_IDENTIFIER = AndriiIzbash.iFlowerTests;
				PRODUCT_NAME = "$(TARGET_NAME)";
				SWIFT_EMIT_LOC_STRINGS = NO;
				SWIFT_VERSION = 5.0;
				TEST_HOST = "$(BUILT_PRODUCTS_DIR)/iFlower.app/$(BUNDLE_EXECUTABLE_FOLDER_PATH)/iFlower";
			};
			name = Release;
		};
		B5F653A22C2B07600097EFBA /* Debug */ = {
			isa = XCBuildConfiguration;
			buildSettings = {
				ALWAYS_SEARCH_USER_PATHS = NO;
				ASSETCATALOG_COMPILER_GENERATE_SWIFT_ASSET_SYMBOL_EXTENSIONS = YES;
				CLANG_ANALYZER_NONNULL = YES;
				CLANG_ANALYZER_NUMBER_OBJECT_CONVERSION = YES_AGGRESSIVE;
				CLANG_CXX_LANGUAGE_STANDARD = "gnu++20";
				CLANG_ENABLE_MODULES = YES;
				CLANG_ENABLE_OBJC_ARC = YES;
				CLANG_ENABLE_OBJC_WEAK = YES;
				CLANG_WARN_BLOCK_CAPTURE_AUTORELEASING = YES;
				CLANG_WARN_BOOL_CONVERSION = YES;
				CLANG_WARN_COMMA = YES;
				CLANG_WARN_CONSTANT_CONVERSION = YES;
				CLANG_WARN_DEPRECATED_OBJC_IMPLEMENTATIONS = YES;
				CLANG_WARN_DIRECT_OBJC_ISA_USAGE = YES_ERROR;
				CLANG_WARN_DOCUMENTATION_COMMENTS = YES;
				CLANG_WARN_EMPTY_BODY = YES;
				CLANG_WARN_ENUM_CONVERSION = YES;
				CLANG_WARN_INFINITE_RECURSION = YES;
				CLANG_WARN_INT_CONVERSION = YES;
				CLANG_WARN_NON_LITERAL_NULL_CONVERSION = YES;
				CLANG_WARN_OBJC_IMPLICIT_RETAIN_SELF = YES;
				CLANG_WARN_OBJC_LITERAL_CONVERSION = YES;
				CLANG_WARN_OBJC_ROOT_CLASS = YES_ERROR;
				CLANG_WARN_QUOTED_INCLUDE_IN_FRAMEWORK_HEADER = YES;
				CLANG_WARN_RANGE_LOOP_ANALYSIS = YES;
				CLANG_WARN_STRICT_PROTOTYPES = YES;
				CLANG_WARN_SUSPICIOUS_MOVE = YES;
				CLANG_WARN_UNGUARDED_AVAILABILITY = YES_AGGRESSIVE;
				CLANG_WARN_UNREACHABLE_CODE = YES;
				CLANG_WARN__DUPLICATE_METHOD_MATCH = YES;
				COPY_PHASE_STRIP = NO;
				DEBUG_INFORMATION_FORMAT = dwarf;
				ENABLE_STRICT_OBJC_MSGSEND = YES;
				ENABLE_TESTABILITY = YES;
				ENABLE_USER_SCRIPT_SANDBOXING = YES;
				GCC_C_LANGUAGE_STANDARD = gnu17;
				GCC_DYNAMIC_NO_PIC = NO;
				GCC_NO_COMMON_BLOCKS = YES;
				GCC_OPTIMIZATION_LEVEL = 0;
				GCC_PREPROCESSOR_DEFINITIONS = (
					"DEBUG=1",
					"$(inherited)",
				);
				GCC_WARN_64_TO_32_BIT_CONVERSION = YES;
				GCC_WARN_ABOUT_RETURN_TYPE = YES_ERROR;
				GCC_WARN_UNDECLARED_SELECTOR = YES;
				GCC_WARN_UNINITIALIZED_AUTOS = YES_AGGRESSIVE;
				GCC_WARN_UNUSED_FUNCTION = YES;
				GCC_WARN_UNUSED_VARIABLE = YES;
				LOCALIZATION_PREFERS_STRING_CATALOGS = YES;
				MACOSX_DEPLOYMENT_TARGET = 14.5;
				MTL_ENABLE_DEBUG_INFO = INCLUDE_SOURCE;
				MTL_FAST_MATH = YES;
				ONLY_ACTIVE_ARCH = YES;
				SDKROOT = macosx;
				SWIFT_ACTIVE_COMPILATION_CONDITIONS = "DEBUG $(inherited)";
				SWIFT_OPTIMIZATION_LEVEL = "-Onone";
			};
			name = Debug;
		};
		B5F653A32C2B07600097EFBA /* Release */ = {
			isa = XCBuildConfiguration;
			buildSettings = {
				ALWAYS_SEARCH_USER_PATHS = NO;
				ASSETCATALOG_COMPILER_GENERATE_SWIFT_ASSET_SYMBOL_EXTENSIONS = YES;
				CLANG_ANALYZER_NONNULL = YES;
				CLANG_ANALYZER_NUMBER_OBJECT_CONVERSION = YES_AGGRESSIVE;
				CLANG_CXX_LANGUAGE_STANDARD = "gnu++20";
				CLANG_ENABLE_MODULES = YES;
				CLANG_ENABLE_OBJC_ARC = YES;
				CLANG_ENABLE_OBJC_WEAK = YES;
				CLANG_WARN_BLOCK_CAPTURE_AUTORELEASING = YES;
				CLANG_WARN_BOOL_CONVERSION = YES;
				CLANG_WARN_COMMA = YES;
				CLANG_WARN_CONSTANT_CONVERSION = YES;
				CLANG_WARN_DEPRECATED_OBJC_IMPLEMENTATIONS = YES;
				CLANG_WARN_DIRECT_OBJC_ISA_USAGE = YES_ERROR;
				CLANG_WARN_DOCUMENTATION_COMMENTS = YES;
				CLANG_WARN_EMPTY_BODY = YES;
				CLANG_WARN_ENUM_CONVERSION = YES;
				CLANG_WARN_INFINITE_RECURSION = YES;
				CLANG_WARN_INT_CONVERSION = YES;
				CLANG_WARN_NON_LITERAL_NULL_CONVERSION = YES;
				CLANG_WARN_OBJC_IMPLICIT_RETAIN_SELF = YES;
				CLANG_WARN_OBJC_LITERAL_CONVERSION = YES;
				CLANG_WARN_OBJC_ROOT_CLASS = YES_ERROR;
				CLANG_WARN_QUOTED_INCLUDE_IN_FRAMEWORK_HEADER = YES;
				CLANG_WARN_RANGE_LOOP_ANALYSIS = YES;
				CLANG_WARN_STRICT_PROTOTYPES = YES;
				CLANG_WARN_SUSPICIOUS_MOVE = YES;
				CLANG_WARN_UNGUARDED_AVAILABILITY = YES_AGGRESSIVE;
				CLANG_WARN_UNREACHABLE_CODE = YES;
				CLANG_WARN__DUPLICATE_METHOD_MATCH = YES;
				COPY_PHASE_STRIP = NO;
				DEBUG_INFORMATION_FORMAT = "dwarf-with-dsym";
				ENABLE_NS_ASSERTIONS = NO;
				ENABLE_STRICT_OBJC_MSGSEND = YES;
				ENABLE_USER_SCRIPT_SANDBOXING = YES;
				GCC_C_LANGUAGE_STANDARD = gnu17;
				GCC_NO_COMMON_BLOCKS = YES;
				GCC_WARN_64_TO_32_BIT_CONVERSION = YES;
				GCC_WARN_ABOUT_RETURN_TYPE = YES_ERROR;
				GCC_WARN_UNDECLARED_SELECTOR = YES;
				GCC_WARN_UNINITIALIZED_AUTOS = YES_AGGRESSIVE;
				GCC_WARN_UNUSED_FUNCTION = YES;
				GCC_WARN_UNUSED_VARIABLE = YES;
				LOCALIZATION_PREFERS_STRING_CATALOGS = YES;
				MACOSX_DEPLOYMENT_TARGET = 14.5;
				MTL_ENABLE_DEBUG_INFO = NO;
				MTL_FAST_MATH = YES;
				SDKROOT = macosx;
				SWIFT_COMPILATION_MODE = wholemodule;
			};
			name = Release;
		};
		B5F653A52C2B07600097EFBA /* Debug */ = {
			isa = XCBuildConfiguration;
			buildSettings = {
				ASSETCATALOG_COMPILER_APPICON_NAME = AppIcon;
				ASSETCATALOG_COMPILER_GLOBAL_ACCENT_COLOR_NAME = AccentColor;
				CODE_SIGN_ENTITLEMENTS = iFlower/iFlower.entitlements;
				CODE_SIGN_STYLE = Automatic;
				COMBINE_HIDPI_IMAGES = YES;
				CURRENT_PROJECT_VERSION = 5;
				DEVELOPMENT_ASSET_PATHS = "\"iFlower/Preview Content\"";
				DEVELOPMENT_TEAM = L4XDJUG5Z2;
				ENABLE_HARDENED_RUNTIME = YES;
				ENABLE_PREVIEWS = YES;
				GENERATE_INFOPLIST_FILE = YES;
				INFOPLIST_KEY_NSBluetoothAlwaysUsageDescription = "We need use bluetooth for connect to your iFlower";
				INFOPLIST_KEY_NSBluetoothPeripheralUsageDescription = "We need use bluetooth for connect to your iFlower";
				INFOPLIST_KEY_NSHumanReadableCopyright = "";
				LD_RUNPATH_SEARCH_PATHS = (
					"$(inherited)",
					"@executable_path/../Frameworks",
				);
				MARKETING_VERSION = 1.0;
				PRODUCT_BUNDLE_IDENTIFIER = AndriiIzbash.iFlower;
				PRODUCT_NAME = "$(TARGET_NAME)";
				SWIFT_EMIT_LOC_STRINGS = YES;
				SWIFT_VERSION = 5.0;
			};
			name = Debug;
		};
		B5F653A62C2B07600097EFBA /* Release */ = {
			isa = XCBuildConfiguration;
			buildSettings = {
				ASSETCATALOG_COMPILER_APPICON_NAME = AppIcon;
				ASSETCATALOG_COMPILER_GLOBAL_ACCENT_COLOR_NAME = AccentColor;
				CODE_SIGN_ENTITLEMENTS = iFlower/iFlower.entitlements;
				CODE_SIGN_STYLE = Automatic;
				COMBINE_HIDPI_IMAGES = YES;
				CURRENT_PROJECT_VERSION = 5;
				DEVELOPMENT_ASSET_PATHS = "\"iFlower/Preview Content\"";
				DEVELOPMENT_TEAM = L4XDJUG5Z2;
				ENABLE_HARDENED_RUNTIME = YES;
				ENABLE_PREVIEWS = YES;
				GENERATE_INFOPLIST_FILE = YES;
				INFOPLIST_KEY_NSBluetoothAlwaysUsageDescription = "We need use bluetooth for connect to your iFlower";
				INFOPLIST_KEY_NSBluetoothPeripheralUsageDescription = "We need use bluetooth for connect to your iFlower";
				INFOPLIST_KEY_NSHumanReadableCopyright = "";
				LD_RUNPATH_SEARCH_PATHS = (
					"$(inherited)",
					"@executable_path/../Frameworks",
				);
				MARKETING_VERSION = 1.0;
				PRODUCT_BUNDLE_IDENTIFIER = AndriiIzbash.iFlower;
				PRODUCT_NAME = "$(TARGET_NAME)";
				SWIFT_EMIT_LOC_STRINGS = YES;
				SWIFT_VERSION = 5.0;
			};
			name = Release;
		};
/* End XCBuildConfiguration section */

/* Begin XCConfigurationList section */
		B56E6E4B2C95DAA800AABEFD /* Build configuration list for PBXNativeTarget "iFlowerTests" */ = {
			isa = XCConfigurationList;
			buildConfigurations = (
				B56E6E4C2C95DAA800AABEFD /* Debug */,
				B56E6E4D2C95DAA800AABEFD /* Release */,
			);
			defaultConfigurationIsVisible = 0;
			defaultConfigurationName = Release;
		};
		B5F653902C2B075F0097EFBA /* Build configuration list for PBXProject "iFlower" */ = {
			isa = XCConfigurationList;
			buildConfigurations = (
				B5F653A22C2B07600097EFBA /* Debug */,
				B5F653A32C2B07600097EFBA /* Release */,
			);
			defaultConfigurationIsVisible = 0;
			defaultConfigurationName = Release;
		};
		B5F653A42C2B07600097EFBA /* Build configuration list for PBXNativeTarget "iFlower" */ = {
			isa = XCConfigurationList;
			buildConfigurations = (
				B5F653A52C2B07600097EFBA /* Debug */,
				B5F653A62C2B07600097EFBA /* Release */,
			);
			defaultConfigurationIsVisible = 0;
			defaultConfigurationName = Release;
		};
/* End XCConfigurationList section */
	};
	rootObject = B5F6538D2C2B075F0097EFBA /* Project object */;
}
